
Microsoft Visual Studio Solution File, Format Version 12.00
# Visual Studio Version 17
VisualStudioVersion = 17.5.002.0
MinimumVisualStudioVersion = 10.0.40219.1
Project("{9A19103F-16F7-4668-BE54-9A1E7A4F7556}") = "ContosoPizza", "ContosoPizza.csproj", "{21C42E71-52A3-46DA-8D19-7D7129A33F94}"
EndProject
Global
	GlobalSection(SolutionConfigurationPlatforms) = preSolution
		Debug|Any CPU = Debug|Any CPU
		Release|Any CPU = Release|Any CPU
	EndGlobalSection
	GlobalSection(ProjectConfigurationPlatforms) = postSolution
		{21C42E71-52A3-46DA-8D19-7D7129A33F94}.Debug|Any CPU.ActiveCfg = Debug|Any CPU
		{21C42E71-52A3-46DA-8D19-7D7129A33F94}.Debug|Any CPU.Build.0 = Debug|Any CPU
		{21C42E71-52A3-46DA-8D19-7D7129A33F94}.Release|Any CPU.ActiveCfg = Release|Any CPU
		{21C42E71-52A3-46DA-8D19-7D7129A33F94}.Release|Any CPU.Build.0 = Release|Any CPU
	EndGlobalSection
	GlobalSection(SolutionProperties) = preSolution
		HideSolutionNode = FALSE
	EndGlobalSection
	GlobalSection(ExtensibilityGlobals) = postSolution
		SolutionGuid = {46691BB0-B50D-4BCC-B499-79AB479C3AD7}
	EndGlobalSection
EndGlobal
